
Microsoft Visual Studio Solution File, Format Version 12.00
# Visual Studio Version 17
VisualStudioVersion = 17.12.35527.113 d17.12
MinimumVisualStudioVersion = 10.0.40219.1
Project("{C9674DCB-5085-4A16-B785-4C70DD1589BD}") = "Data Mart AdventureWorks 2022 Sales", "Data Mart AdventureWorks 2022 Sales.dtproj", "{76C973DC-17F4-4E18-93B5-4912F346C5F1}"
EndProject
Global
	GlobalSection(SolutionConfigurationPlatforms) = preSolution
		Development|Default = Development|Default
	EndGlobalSection
	GlobalSection(ProjectConfigurationPlatforms) = postSolution
		{76C973DC-17F4-4E18-93B5-4912F346C5F1}.Development|Default.ActiveCfg = Development
		{76C973DC-17F4-4E18-93B5-4912F346C5F1}.Development|Default.Build.0 = Development
	EndGlobalSection
	GlobalSection(SolutionProperties) = preSolution
		HideSolutionNode = FALSE
	EndGlobalSection
EndGlobal
